
Microsoft Visual Studio Solution File, Format Version 12.00
# Visual Studio Version 17
VisualStudioVersion = 17.7.34031.279
MinimumVisualStudioVersion = 10.0.40219.1
Project("{FAE04EC0-301F-11D3-BF4B-00C04F79EFBC}") = "WpfApp20_FW", "WpfApp20_FW\WpfApp20_FW.csproj", "{68264265-9F82-472A-9524-7FB2B8F6F2AD}"
EndProject
Global
	GlobalSection(SolutionConfigurationPlatforms) = preSolution
		Debug|Any CPU = Debug|Any CPU
		Release|Any CPU = Release|Any CPU
	EndGlobalSection
	GlobalSection(ProjectConfigurationPlatforms) = postSolution
		{68264265-9F82-472A-9524-7FB2B8F6F2AD}.Debug|Any CPU.ActiveCfg = Debug|Any CPU
		{68264265-9F82-472A-9524-7FB2B8F6F2AD}.Debug|Any CPU.Build.0 = Debug|Any CPU
		{68264265-9F82-472A-9524-7FB2B8F6F2AD}.Release|Any CPU.ActiveCfg = Release|Any CPU
		{68264265-9F82-472A-9524-7FB2B8F6F2AD}.Release|Any CPU.Build.0 = Release|Any CPU
	EndGlobalSection
	GlobalSection(SolutionProperties) = preSolution
		HideSolutionNode = FALSE
	EndGlobalSection
	GlobalSection(ExtensibilityGlobals) = postSolution
		SolutionGuid = {1289237E-DBFA-4906-9586-BD6D1CD89CFE}
	EndGlobalSection
EndGlobal
